Microsoft Visual Studio Solution File, Format Version 12.00
# Visual Studio 15
VisualStudioVersion = 15.0.27512.0
MinimumVisualStudioVersion = 10.0.40219.1
Project("{2150E333-8FDC-42A3-9474-1A3956D46DE8}") = "Solution Items", "Solution Items", "{57BBA951-56AA-4A5B-84A5-6DF22B1A8FA3}"
	ProjectSection(SolutionItems) = preProject
		..\config.json = ..\config.json
		Directory.Build.props = Directory.Build.props
		..\global.json = ..\global.json
		NuGet.Config = NuGet.Config
	EndProjectSection
EndProject
Project("{2150E333-8FDC-42A3-9474-1A3956D46DE8}") = "nuget", "nuget", "{8E6C691F-038D-4BC7-9FBB-C363AB44093D}"
	ProjectSection(SolutionItems) = preProject
		SolutionItems\nuget\rimraf.nuspec.template = SolutionItems\nuget\rimraf.nuspec.template
	EndProjectSection
EndProject
Project("{2150E333-8FDC-42A3-9474-1A3956D46DE8}") = "version", "version", "{0FF609CE-E456-42CC-B7C4-7999EE61C408}"
	ProjectSection(SolutionItems) = preProject
		SolutionItems\version\AssemblyInfo.cs = SolutionItems\version\AssemblyInfo.cs
		SolutionItems\version\AssemblyVersion.cs = SolutionItems\version\AssemblyVersion.cs
		SolutionItems\version\CommonAssemblyInfo.cs = SolutionItems\version\CommonAssemblyInfo.cs
		SolutionItems\version\CommonAssemblyInfo.h = SolutionItems\version\CommonAssemblyInfo.h
		SolutionItems\version\version.h = SolutionItems\version\version.h
		SolutionItems\version\version.json = SolutionItems\version\version.json
		SolutionItems\version\version.props = SolutionItems\version\version.props
		SolutionItems\version\version.wxi = SolutionItems\version\version.wxi
	EndProjectSection
EndProject
Project("{FAE04EC0-301F-11D3-BF4B-00C04F79EFBC}") = "rimraf", "rimraf\rimraf.csproj", "{E6C6A978-9263-409F-8AAA-AAB8037FDD93}"
EndProject
Global
	GlobalSection(SolutionConfigurationPlatforms) = preSolution
		Debug|Any CPU = Debug|Any CPU
		Release|Any CPU = Release|Any CPU
	EndGlobalSection
	GlobalSection(ProjectConfigurationPlatforms) = postSolution
		{E6C6A978-9263-409F-8AAA-AAB8037FDD93}.Debug|Any CPU.ActiveCfg = Debug|Any CPU
		{E6C6A978-9263-409F-8AAA-AAB8037FDD93}.Debug|Any CPU.Build.0 = Debug|Any CPU
		{E6C6A978-9263-409F-8AAA-AAB8037FDD93}.Release|Any CPU.ActiveCfg = Release|Any CPU
		{E6C6A978-9263-409F-8AAA-AAB8037FDD93}.Release|Any CPU.Build.0 = Release|Any CPU
	EndGlobalSection
	GlobalSection(SolutionProperties) = preSolution
		HideSolutionNode = FALSE
	EndGlobalSection
	GlobalSection(NestedProjects) = preSolution
		{8E6C691F-038D-4BC7-9FBB-C363AB44093D} = {57BBA951-56AA-4A5B-84A5-6DF22B1A8FA3}
		{0FF609CE-E456-42CC-B7C4-7999EE61C408} = {57BBA951-56AA-4A5B-84A5-6DF22B1A8FA3}
	EndGlobalSection
	GlobalSection(ExtensibilityGlobals) = postSolution
		SolutionGuid = {DFB6D01A-724F-4A75-B184-F0C3190ADF5F}
	EndGlobalSection
EndGlobal
