Microsoft Visual Studio Solution File, Format Version 12.00
# Visual Studio Version 16
VisualStudioVersion = 16.0.29820.132
MinimumVisualStudioVersion = 10.0.40219.1
Project("{9A19103F-16F7-4668-BE54-9A1E7A4F7556}") = "rimraf", "rimraf\rimraf.csproj", "{E6C6A978-9263-409F-8AAA-AAB8037FDD93}"
EndProject
Project("{2150E333-8FDC-42A3-9474-1A3956D46DE8}") = "Solution Items", "Solution Items", "{A6F1FB4A-F622-4A07-A332-62D0786CB7B1}"
	ProjectSection(SolutionItems) = preProject
		..\.gitignore = ..\.gitignore
		..\.gitlab-ci.yml = ..\.gitlab-ci.yml
		..\Config.props = ..\Config.props
		..\Directory.Build.props = ..\Directory.Build.props
		..\Directory.Build.targets = ..\Directory.Build.targets
		..\global.json = ..\global.json
		..\LICENSE = ..\LICENSE
		..\NuGet.Config = ..\NuGet.Config
		..\README.md = ..\README.md
	EndProjectSection
EndProject
Project("{2150E333-8FDC-42A3-9474-1A3956D46DE8}") = "eng", "eng", "{616F4B7B-CC1E-486C-9982-6DE330CBC8B7}"
	ProjectSection(SolutionItems) = preProject
		..\eng\Signing.props = ..\eng\Signing.props
		..\eng\version.details.xml = ..\eng\version.details.xml
		..\eng\versions.props = ..\eng\versions.props
	EndProjectSection
EndProject
Project("{2150E333-8FDC-42A3-9474-1A3956D46DE8}") = "common", "common", "{ABC6AD3F-BF5D-4BC3-A917-0096725E6B41}"
EndProject
Project("{2150E333-8FDC-42A3-9474-1A3956D46DE8}") = "templates", "templates", "{95C6637F-B2D4-4B1A-8E86-D21EA748F5B3}"
	ProjectSection(SolutionItems) = preProject
		..\eng\common\templates\NuGet.Config = ..\eng\common\templates\NuGet.Config
	EndProjectSection
EndProject
Global
	GlobalSection(SolutionConfigurationPlatforms) = preSolution
		Debug|Any CPU = Debug|Any CPU
		Release|Any CPU = Release|Any CPU
	EndGlobalSection
	GlobalSection(ProjectConfigurationPlatforms) = postSolution
		{E6C6A978-9263-409F-8AAA-AAB8037FDD93}.Debug|Any CPU.ActiveCfg = Debug|Any CPU
		{E6C6A978-9263-409F-8AAA-AAB8037FDD93}.Debug|Any CPU.Build.0 = Debug|Any CPU
		{E6C6A978-9263-409F-8AAA-AAB8037FDD93}.Release|Any CPU.ActiveCfg = Release|Any CPU
		{E6C6A978-9263-409F-8AAA-AAB8037FDD93}.Release|Any CPU.Build.0 = Release|Any CPU
	EndGlobalSection
	GlobalSection(SolutionProperties) = preSolution
		HideSolutionNode = FALSE
	EndGlobalSection
	GlobalSection(NestedProjects) = preSolution
		{616F4B7B-CC1E-486C-9982-6DE330CBC8B7} = {A6F1FB4A-F622-4A07-A332-62D0786CB7B1}
		{ABC6AD3F-BF5D-4BC3-A917-0096725E6B41} = {616F4B7B-CC1E-486C-9982-6DE330CBC8B7}
		{95C6637F-B2D4-4B1A-8E86-D21EA748F5B3} = {ABC6AD3F-BF5D-4BC3-A917-0096725E6B41}
	EndGlobalSection
	GlobalSection(ExtensibilityGlobals) = postSolution
		SolutionGuid = {DFB6D01A-724F-4A75-B184-F0C3190ADF5F}
	EndGlobalSection
EndGlobal
